// !$*UTF8*$!
{
	archiveVersion = 1;
	classes = {
	};
	objectVersion = 55;
	objects = {

/* Begin PBXBuildFile section */
		259E24505722FA569147F13A /* libPods-dogsTests.a in Frameworks */ = {isa = PBXBuildFile; fileRef = 7C213A080603AB9ED3308971 /* libPods-dogsTests.a */; };
		466DF219A2503DC851BFF733 /* libPods-dogs.a in Frameworks */ = {isa = PBXBuildFile; fileRef = CB611A520B13F72DBF18BCB2 /* libPods-dogs.a */; };
		5C3E412A2900EDAE00249EDB /* DogRepository.swift in Sources */ = {isa = PBXBuildFile; fileRef = 5C3E41292900EDAE00249EDB /* DogRepository.swift */; };
		5C3E41322900F8FE00249EDB /* ApiService.swift in Sources */ = {isa = PBXBuildFile; fileRef = 5C3E41312900F8FE00249EDB /* ApiService.swift */; };
		5C3E41372900FC4F00249EDB /* ApiProvider.swift in Sources */ = {isa = PBXBuildFile; fileRef = 5C3E41362900FC4F00249EDB /* ApiProvider.swift */; };
		5C3E413A2901071400249EDB /* GetAllBreedsResponse.swift in Sources */ = {isa = PBXBuildFile; fileRef = 5C3E41392901071400249EDB /* GetAllBreedsResponse.swift */; };
		5C3E413C2901073400249EDB /* GetImagesByBreedResponse.swift in Sources */ = {isa = PBXBuildFile; fileRef = 5C3E413B2901073400249EDB /* GetImagesByBreedResponse.swift */; };
		5C3E413E290107ED00249EDB /* TestDogRepository.swift in Sources */ = {isa = PBXBuildFile; fileRef = 5C3E413D290107ED00249EDB /* TestDogRepository.swift */; };
		5C3E414129010A5100249EDB /* Breed.swift in Sources */ = {isa = PBXBuildFile; fileRef = 5C3E414029010A5100249EDB /* Breed.swift */; };
		5C3E414429010CBE00249EDB /* stubGetAllBreeds.json in Resources */ = {isa = PBXBuildFile; fileRef = 5C3E414329010CBE00249EDB /* stubGetAllBreeds.json */; };
		5C3E414629010CE200249EDB /* stubGetImagesByBreed.json in Resources */ = {isa = PBXBuildFile; fileRef = 5C3E414529010CE200249EDB /* stubGetImagesByBreed.json */; };
		5C3E414A2901157500249EDB /* DogImage.swift in Sources */ = {isa = PBXBuildFile; fileRef = 5C3E41492901157500249EDB /* DogImage.swift */; };
		5C3E414D2901186D00249EDB /* Array+chunked.swift in Sources */ = {isa = PBXBuildFile; fileRef = 5C3E414C2901186D00249EDB /* Array+chunked.swift */; };
		5C5BB8862900E91000E488B1 /* AppDelegate.swift in Sources */ = {isa = PBXBuildFile; fileRef = 5C5BB8852900E91000E488B1 /* AppDelegate.swift */; };
		5C5BB8882900E91000E488B1 /* SceneDelegate.swift in Sources */ = {isa = PBXBuildFile; fileRef = 5C5BB8872900E91000E488B1 /* SceneDelegate.swift */; };
		5C5BB88A2900E91000E488B1 /* ItemsViewController.swift in Sources */ = {isa = PBXBuildFile; fileRef = 5C5BB8892900E91000E488B1 /* ItemsViewController.swift */; };
		5C5BB88F2900E91100E488B1 /* Assets.xcassets in Resources */ = {isa = PBXBuildFile; fileRef = 5C5BB88E2900E91100E488B1 /* Assets.xcassets */; };
		5C5BB8922900E91100E488B1 /* LaunchScreen.storyboard in Resources */ = {isa = PBXBuildFile; fileRef = 5C5BB8902900E91100E488B1 /* LaunchScreen.storyboard */; };
		5C5BB8A72900E91100E488B1 /* dogsUITests.swift in Sources */ = {isa = PBXBuildFile; fileRef = 5C5BB8A62900E91100E488B1 /* dogsUITests.swift */; };
		5C5BB8A92900E91100E488B1 /* dogsUITestsLaunchTests.swift in Sources */ = {isa = PBXBuildFile; fileRef = 5C5BB8A82900E91100E488B1 /* dogsUITestsLaunchTests.swift */; };
		AB324E1524A3E4215234FAF8 /* libPods-dogs-dogsUITests.a in Frameworks */ = {isa = PBXBuildFile; fileRef = EBCCF1B380AFE7D7F151106A /* libPods-dogs-dogsUITests.a */; };
		F925EF282902120C00D49C5D /* ItemsViewModel.swift in Sources */ = {isa = PBXBuildFile; fileRef = F925EF272902120C00D49C5D /* ItemsViewModel.swift */; };
		F925EF2B2902167000D49C5D /* ItemCell.swift in Sources */ = {isa = PBXBuildFile; fileRef = F925EF2A2902167000D49C5D /* ItemCell.swift */; };
		F925EF2D2902172D00D49C5D /* ItemCellViewModel.swift in Sources */ = {isa = PBXBuildFile; fileRef = F925EF2C2902172D00D49C5D /* ItemCellViewModel.swift */; };
		F925EF2F2902181800D49C5D /* DogBreedCellViewModel.swift in Sources */ = {isa = PBXBuildFile; fileRef = F925EF2E2902181800D49C5D /* DogBreedCellViewModel.swift */; };
		F925EF31290218B000D49C5D /* DogBreedsViewModel.swift in Sources */ = {isa = PBXBuildFile; fileRef = F925EF30290218AF00D49C5D /* DogBreedsViewModel.swift */; };
		F925EF34290229A200D49C5D /* MainCoordinator.swift in Sources */ = {isa = PBXBuildFile; fileRef = F925EF33290229A200D49C5D /* MainCoordinator.swift */; };
		F925EF3629022E4300D49C5D /* DogSubBreedsViewModel.swift in Sources */ = {isa = PBXBuildFile; fileRef = F925EF3529022E4300D49C5D /* DogSubBreedsViewModel.swift */; };
		F925EF3829022F4B00D49C5D /* DogSubBreedCellViewModel.swift in Sources */ = {isa = PBXBuildFile; fileRef = F925EF3729022F4B00D49C5D /* DogSubBreedCellViewModel.swift */; };
		F925EF402902333100D49C5D /* PicturesTableViewController.swift in Sources */ = {isa = PBXBuildFile; fileRef = F925EF3F2902333100D49C5D /* PicturesTableViewController.swift */; };
		F925EF432902342D00D49C5D /* PictureCell.swift in Sources */ = {isa = PBXBuildFile; fileRef = F925EF422902342D00D49C5D /* PictureCell.swift */; };
		F925EF45290239A900D49C5D /* PicturesTableViewModel.swift in Sources */ = {isa = PBXBuildFile; fileRef = F925EF44290239A900D49C5D /* PicturesTableViewModel.swift */; };
		F925EF4829023A2D00D49C5D /* DogPicturesViewModel.swift in Sources */ = {isa = PBXBuildFile; fileRef = F925EF4729023A2D00D49C5D /* DogPicturesViewModel.swift */; };
/* End PBXBuildFile section */

/* Begin PBXContainerItemProxy section */
		5C5BB8992900E91100E488B1 /* PBXContainerItemProxy */ = {
			isa = PBXContainerItemProxy;
			containerPortal = 5C5BB87A2900E91000E488B1 /* Project object */;
			proxyType = 1;
			remoteGlobalIDString = 5C5BB8812900E91000E488B1;
			remoteInfo = dogs;
		};
		5C5BB8A32900E91100E488B1 /* PBXContainerItemProxy */ = {
			isa = PBXContainerItemProxy;
			containerPortal = 5C5BB87A2900E91000E488B1 /* Project object */;
			proxyType = 1;
			remoteGlobalIDString = 5C5BB8812900E91000E488B1;
			remoteInfo = dogs;
		};
/* End PBXContainerItemProxy section */

/* Begin PBXFileReference section */
		5C3E41292900EDAE00249EDB /* DogRepository.swift */ = {isa = PBXFileReference; lastKnownFileType = sourcecode.swift; path = DogRepository.swift; sourceTree = "<group>"; };
		5C3E41312900F8FE00249EDB /* ApiService.swift */ = {isa = PBXFileReference; lastKnownFileType = sourcecode.swift; path = ApiService.swift; sourceTree = "<group>"; };
		5C3E41362900FC4F00249EDB /* ApiProvider.swift */ = {isa = PBXFileReference; lastKnownFileType = sourcecode.swift; path = ApiProvider.swift; sourceTree = "<group>"; };
		5C3E41392901071400249EDB /* GetAllBreedsResponse.swift */ = {isa = PBXFileReference; lastKnownFileType = sourcecode.swift; path = GetAllBreedsResponse.swift; sourceTree = "<group>"; };
		5C3E413B2901073400249EDB /* GetImagesByBreedResponse.swift */ = {isa = PBXFileReference; lastKnownFileType = sourcecode.swift; path = GetImagesByBreedResponse.swift; sourceTree = "<group>"; };
		5C3E413D290107ED00249EDB /* TestDogRepository.swift */ = {isa = PBXFileReference; lastKnownFileType = sourcecode.swift; path = TestDogRepository.swift; sourceTree = "<group>"; };
		5C3E414029010A5100249EDB /* Breed.swift */ = {isa = PBXFileReference; lastKnownFileType = sourcecode.swift; path = Breed.swift; sourceTree = "<group>"; };
		5C3E414329010CBE00249EDB /* stubGetAllBreeds.json */ = {isa = PBXFileReference; lastKnownFileType = text.json; path = stubGetAllBreeds.json; sourceTree = "<group>"; };
		5C3E414529010CE200249EDB /* stubGetImagesByBreed.json */ = {isa = PBXFileReference; lastKnownFileType = text.json; path = stubGetImagesByBreed.json; sourceTree = "<group>"; };
		5C3E41492901157500249EDB /* DogImage.swift */ = {isa = PBXFileReference; lastKnownFileType = sourcecode.swift; path = DogImage.swift; sourceTree = "<group>"; };
		5C3E414C2901186D00249EDB /* Array+chunked.swift */ = {isa = PBXFileReference; lastKnownFileType = sourcecode.swift; path = "Array+chunked.swift"; sourceTree = "<group>"; };
		5C5BB8822900E91000E488B1 /* dogs.app */ = {isa = PBXFileReference; explicitFileType = wrapper.application; includeInIndex = 0; path = dogs.app; sourceTree = BUILT_PRODUCTS_DIR; };
		5C5BB8852900E91000E488B1 /* AppDelegate.swift */ = {isa = PBXFileReference; lastKnownFileType = sourcecode.swift; path = AppDelegate.swift; sourceTree = "<group>"; };
		5C5BB8872900E91000E488B1 /* SceneDelegate.swift */ = {isa = PBXFileReference; lastKnownFileType = sourcecode.swift; path = SceneDelegate.swift; sourceTree = "<group>"; };
		5C5BB8892900E91000E488B1 /* ItemsViewController.swift */ = {isa = PBXFileReference; lastKnownFileType = sourcecode.swift; path = ItemsViewController.swift; sourceTree = "<group>"; };
		5C5BB88E2900E91100E488B1 /* Assets.xcassets */ = {isa = PBXFileReference; lastKnownFileType = folder.assetcatalog; path = Assets.xcassets; sourceTree = "<group>"; };
		5C5BB8912900E91100E488B1 /* Base */ = {isa = PBXFileReference; lastKnownFileType = file.storyboard; name = Base; path = Base.lproj/LaunchScreen.storyboard; sourceTree = "<group>"; };
		5C5BB8932900E91100E488B1 /* Info.plist */ = {isa = PBXFileReference; lastKnownFileType = text.plist.xml; path = Info.plist; sourceTree = "<group>"; };
		5C5BB8982900E91100E488B1 /* dogsTests.xctest */ = {isa = PBXFileReference; explicitFileType = wrapper.cfbundle; includeInIndex = 0; path = dogsTests.xctest; sourceTree = BUILT_PRODUCTS_DIR; };
		5C5BB8A22900E91100E488B1 /* dogsUITests.xctest */ = {isa = PBXFileReference; explicitFileType = wrapper.cfbundle; includeInIndex = 0; path = dogsUITests.xctest; sourceTree = BUILT_PRODUCTS_DIR; };
		5C5BB8A62900E91100E488B1 /* dogsUITests.swift */ = {isa = PBXFileReference; lastKnownFileType = sourcecode.swift; path = dogsUITests.swift; sourceTree = "<group>"; };
		5C5BB8A82900E91100E488B1 /* dogsUITestsLaunchTests.swift */ = {isa = PBXFileReference; lastKnownFileType = sourcecode.swift; path = dogsUITestsLaunchTests.swift; sourceTree = "<group>"; };
		7899D7394488CEF99268623C /* Pods-dogsTests.release.xcconfig */ = {isa = PBXFileReference; includeInIndex = 1; lastKnownFileType = text.xcconfig; name = "Pods-dogsTests.release.xcconfig"; path = "Target Support Files/Pods-dogsTests/Pods-dogsTests.release.xcconfig"; sourceTree = "<group>"; };
		7C213A080603AB9ED3308971 /* libPods-dogsTests.a */ = {isa = PBXFileReference; explicitFileType = archive.ar; includeInIndex = 0; path = "libPods-dogsTests.a"; sourceTree = BUILT_PRODUCTS_DIR; };
		8FBA1F1C1E1E92330B5A997E /* Pods-dogsTests.debug.xcconfig */ = {isa = PBXFileReference; includeInIndex = 1; lastKnownFileType = text.xcconfig; name = "Pods-dogsTests.debug.xcconfig"; path = "Target Support Files/Pods-dogsTests/Pods-dogsTests.debug.xcconfig"; sourceTree = "<group>"; };
		BD79687A4F267D016531FE3D /* Pods-dogs-dogsUITests.release.xcconfig */ = {isa = PBXFileReference; includeInIndex = 1; lastKnownFileType = text.xcconfig; name = "Pods-dogs-dogsUITests.release.xcconfig"; path = "Target Support Files/Pods-dogs-dogsUITests/Pods-dogs-dogsUITests.release.xcconfig"; sourceTree = "<group>"; };
		CB611A520B13F72DBF18BCB2 /* libPods-dogs.a */ = {isa = PBXFileReference; explicitFileType = archive.ar; includeInIndex = 0; path = "libPods-dogs.a"; sourceTree = BUILT_PRODUCTS_DIR; };
		CBC41E97A0CF2002088F08BE /* Pods-dogs.release.xcconfig */ = {isa = PBXFileReference; includeInIndex = 1; lastKnownFileType = text.xcconfig; name = "Pods-dogs.release.xcconfig"; path = "Target Support Files/Pods-dogs/Pods-dogs.release.xcconfig"; sourceTree = "<group>"; };
		D0DAF73DA8F6462EBB2C8915 /* Pods-dogs-dogsUITests.debug.xcconfig */ = {isa = PBXFileReference; includeInIndex = 1; lastKnownFileType = text.xcconfig; name = "Pods-dogs-dogsUITests.debug.xcconfig"; path = "Target Support Files/Pods-dogs-dogsUITests/Pods-dogs-dogsUITests.debug.xcconfig"; sourceTree = "<group>"; };
		DA834BDF59410B50FEFFEF00 /* Pods-dogs.debug.xcconfig */ = {isa = PBXFileReference; includeInIndex = 1; lastKnownFileType = text.xcconfig; name = "Pods-dogs.debug.xcconfig"; path = "Target Support Files/Pods-dogs/Pods-dogs.debug.xcconfig"; sourceTree = "<group>"; };
		EBCCF1B380AFE7D7F151106A /* libPods-dogs-dogsUITests.a */ = {isa = PBXFileReference; explicitFileType = archive.ar; includeInIndex = 0; path = "libPods-dogs-dogsUITests.a"; sourceTree = BUILT_PRODUCTS_DIR; };
		F925EF272902120C00D49C5D /* ItemsViewModel.swift */ = {isa = PBXFileReference; lastKnownFileType = sourcecode.swift; path = ItemsViewModel.swift; sourceTree = "<group>"; };
		F925EF2A2902167000D49C5D /* ItemCell.swift */ = {isa = PBXFileReference; lastKnownFileType = sourcecode.swift; path = ItemCell.swift; sourceTree = "<group>"; };
		F925EF2C2902172D00D49C5D /* ItemCellViewModel.swift */ = {isa = PBXFileReference; lastKnownFileType = sourcecode.swift; path = ItemCellViewModel.swift; sourceTree = "<group>"; };
		F925EF2E2902181800D49C5D /* DogBreedCellViewModel.swift */ = {isa = PBXFileReference; lastKnownFileType = sourcecode.swift; path = DogBreedCellViewModel.swift; sourceTree = "<group>"; };
		F925EF30290218AF00D49C5D /* DogBreedsViewModel.swift */ = {isa = PBXFileReference; lastKnownFileType = sourcecode.swift; path = DogBreedsViewModel.swift; sourceTree = "<group>"; };
		F925EF33290229A200D49C5D /* MainCoordinator.swift */ = {isa = PBXFileReference; lastKnownFileType = sourcecode.swift; path = MainCoordinator.swift; sourceTree = "<group>"; };
		F925EF3529022E4300D49C5D /* DogSubBreedsViewModel.swift */ = {isa = PBXFileReference; lastKnownFileType = sourcecode.swift; path = DogSubBreedsViewModel.swift; sourceTree = "<group>"; };
		F925EF3729022F4B00D49C5D /* DogSubBreedCellViewModel.swift */ = {isa = PBXFileReference; lastKnownFileType = sourcecode.swift; path = DogSubBreedCellViewModel.swift; sourceTree = "<group>"; };
		F925EF3F2902333100D49C5D /* PicturesTableViewController.swift */ = {isa = PBXFileReference; lastKnownFileType = sourcecode.swift; path = PicturesTableViewController.swift; sourceTree = "<group>"; };
		F925EF422902342D00D49C5D /* PictureCell.swift */ = {isa = PBXFileReference; lastKnownFileType = sourcecode.swift; path = PictureCell.swift; sourceTree = "<group>"; };
		F925EF44290239A900D49C5D /* PicturesTableViewModel.swift */ = {isa = PBXFileReference; lastKnownFileType = sourcecode.swift; path = PicturesTableViewModel.swift; sourceTree = "<group>"; };
		F925EF4729023A2D00D49C5D /* DogPicturesViewModel.swift */ = {isa = PBXFileReference; lastKnownFileType = sourcecode.swift; path = DogPicturesViewModel.swift; sourceTree = "<group>"; };
/* End PBXFileReference section */

/* Begin PBXFrameworksBuildPhase section */
		5C5BB87F2900E91000E488B1 /* Frameworks */ = {
			isa = PBXFrameworksBuildPhase;
			buildActionMask = 2147483647;
			files = (
				466DF219A2503DC851BFF733 /* libPods-dogs.a in Frameworks */,
			);
			runOnlyForDeploymentPostprocessing = 0;
		};
		5C5BB8952900E91100E488B1 /* Frameworks */ = {
			isa = PBXFrameworksBuildPhase;
			buildActionMask = 2147483647;
			files = (
				259E24505722FA569147F13A /* libPods-dogsTests.a in Frameworks */,
			);
			runOnlyForDeploymentPostprocessing = 0;
		};
		5C5BB89F2900E91100E488B1 /* Frameworks */ = {
			isa = PBXFrameworksBuildPhase;
			buildActionMask = 2147483647;
			files = (
				AB324E1524A3E4215234FAF8 /* libPods-dogs-dogsUITests.a in Frameworks */,
			);
			runOnlyForDeploymentPostprocessing = 0;
		};
/* End PBXFrameworksBuildPhase section */

/* Begin PBXGroup section */
		589841EE6193940623342989 /* Pods */ = {
			isa = PBXGroup;
			children = (
				DA834BDF59410B50FEFFEF00 /* Pods-dogs.debug.xcconfig */,
				CBC41E97A0CF2002088F08BE /* Pods-dogs.release.xcconfig */,
				D0DAF73DA8F6462EBB2C8915 /* Pods-dogs-dogsUITests.debug.xcconfig */,
				BD79687A4F267D016531FE3D /* Pods-dogs-dogsUITests.release.xcconfig */,
				8FBA1F1C1E1E92330B5A997E /* Pods-dogsTests.debug.xcconfig */,
				7899D7394488CEF99268623C /* Pods-dogsTests.release.xcconfig */,
			);
			path = Pods;
			sourceTree = "<group>";
		};
		5C3E41382901068100249EDB /* response */ = {
			isa = PBXGroup;
			children = (
				5C3E41392901071400249EDB /* GetAllBreedsResponse.swift */,
				5C3E413B2901073400249EDB /* GetImagesByBreedResponse.swift */,
			);
			path = response;
			sourceTree = "<group>";
		};
		5C3E413F29010A4200249EDB /* model */ = {
			isa = PBXGroup;
			children = (
				5C3E414029010A5100249EDB /* Breed.swift */,
				5C3E41492901157500249EDB /* DogImage.swift */,
			);
			path = model;
			sourceTree = "<group>";
		};
		5C3E414229010C9000249EDB /* stubs */ = {
			isa = PBXGroup;
			children = (
				5C3E414329010CBE00249EDB /* stubGetAllBreeds.json */,
				5C3E414529010CE200249EDB /* stubGetImagesByBreed.json */,
			);
			path = stubs;
			sourceTree = "<group>";
		};
		5C3E414B2901185B00249EDB /* extensions */ = {
			isa = PBXGroup;
			children = (
				5C3E414C2901186D00249EDB /* Array+chunked.swift */,
			);
			path = extensions;
			sourceTree = "<group>";
		};
		5C5BB8792900E91000E488B1 = {
			isa = PBXGroup;
			children = (
				5C5BB8842900E91000E488B1 /* dogs */,
				5C5BB89B2900E91100E488B1 /* dogsTests */,
				5C5BB8A52900E91100E488B1 /* dogsUITests */,
				5C5BB8832900E91000E488B1 /* Products */,
				589841EE6193940623342989 /* Pods */,
				82DFB98967D03E18FE6085C2 /* Frameworks */,
			);
			sourceTree = "<group>";
		};
		5C5BB8832900E91000E488B1 /* Products */ = {
			isa = PBXGroup;
			children = (
				5C5BB8822900E91000E488B1 /* dogs.app */,
				5C5BB8982900E91100E488B1 /* dogsTests.xctest */,
				5C5BB8A22900E91100E488B1 /* dogsUITests.xctest */,
			);
			name = Products;
			sourceTree = "<group>";
		};
		5C5BB8842900E91000E488B1 /* dogs */ = {
			isa = PBXGroup;
			children = (
				5C5BB8932900E91100E488B1 /* Info.plist */,
				5C5BB8852900E91000E488B1 /* AppDelegate.swift */,
				5C5BB8872900E91000E488B1 /* SceneDelegate.swift */,
				5C5BB88E2900E91100E488B1 /* Assets.xcassets */,
				5C5BB8902900E91100E488B1 /* LaunchScreen.storyboard */,
				5C5BB8B82900EADB00E488B1 /* src */,
			);
			path = dogs;
			sourceTree = "<group>";
		};
		5C5BB89B2900E91100E488B1 /* dogsTests */ = {
			isa = PBXGroup;
			children = (
				5C3E413D290107ED00249EDB /* TestDogRepository.swift */,
			);
			path = dogsTests;
			sourceTree = "<group>";
		};
		5C5BB8A52900E91100E488B1 /* dogsUITests */ = {
			isa = PBXGroup;
			children = (
				5C5BB8A62900E91100E488B1 /* dogsUITests.swift */,
				5C5BB8A82900E91100E488B1 /* dogsUITestsLaunchTests.swift */,
			);
			path = dogsUITests;
			sourceTree = "<group>";
		};
		5C5BB8B52900EA6600E488B1 /* api */ = {
			isa = PBXGroup;
			children = (
				5C3E41362900FC4F00249EDB /* ApiProvider.swift */,
				5C3E41312900F8FE00249EDB /* ApiService.swift */,
				5C3E41382901068100249EDB /* response */,
				5C3E414229010C9000249EDB /* stubs */,
			);
			path = api;
			sourceTree = "<group>";
		};
		5C5BB8B72900EABE00E488B1 /* repository */ = {
			isa = PBXGroup;
			children = (
				5C3E41292900EDAE00249EDB /* DogRepository.swift */,
			);
			path = repository;
			sourceTree = "<group>";
		};
		5C5BB8B82900EADB00E488B1 /* src */ = {
			isa = PBXGroup;
			children = (
				F925EF262902117A00D49C5D /* view */,
				5C3E414B2901185B00249EDB /* extensions */,
				5C3E413F29010A4200249EDB /* model */,
				5C5BB8B72900EABE00E488B1 /* repository */,
				5C5BB8B52900EA6600E488B1 /* api */,
			);
			path = src;
			sourceTree = "<group>";
		};
		82DFB98967D03E18FE6085C2 /* Frameworks */ = {
			isa = PBXGroup;
			children = (
				CB611A520B13F72DBF18BCB2 /* libPods-dogs.a */,
				EBCCF1B380AFE7D7F151106A /* libPods-dogs-dogsUITests.a */,
				7C213A080603AB9ED3308971 /* libPods-dogsTests.a */,
			);
			name = Frameworks;
			sourceTree = "<group>";
		};
		F925EF262902117A00D49C5D /* view */ = {
			isa = PBXGroup;
			children = (
				F925EF392902327600D49C5D /* screens */,
				F925EF322902299200D49C5D /* coordinators */,
				F925EF292902165500D49C5D /* cells */,
			);
			path = view;
			sourceTree = "<group>";
		};
		F925EF292902165500D49C5D /* cells */ = {
			isa = PBXGroup;
			children = (
				F925EF412902341A00D49C5D /* pictureCell */,
				F925EF3C290232AA00D49C5D /* itemCell */,
			);
			path = cells;
			sourceTree = "<group>";
		};
		F925EF322902299200D49C5D /* coordinators */ = {
			isa = PBXGroup;
			children = (
				F925EF33290229A200D49C5D /* MainCoordinator.swift */,
			);
			path = coordinators;
			sourceTree = "<group>";
		};
		F925EF392902327600D49C5D /* screens */ = {
			isa = PBXGroup;
			children = (
				F925EF3E290232F500D49C5D /* pictures */,
				F925EF3A2902327C00D49C5D /* items */,
			);
			path = screens;
			sourceTree = "<group>";
		};
		F925EF3A2902327C00D49C5D /* items */ = {
			isa = PBXGroup;
			children = (
				F925EF3B2902329300D49C5D /* viewModels */,
				5C5BB8892900E91000E488B1 /* ItemsViewController.swift */,
				F925EF272902120C00D49C5D /* ItemsViewModel.swift */,
			);
			path = items;
			sourceTree = "<group>";
		};
		F925EF3B2902329300D49C5D /* viewModels */ = {
			isa = PBXGroup;
			children = (
				F925EF30290218AF00D49C5D /* DogBreedsViewModel.swift */,
				F925EF3529022E4300D49C5D /* DogSubBreedsViewModel.swift */,
			);
			path = viewModels;
			sourceTree = "<group>";
		};
		F925EF3C290232AA00D49C5D /* itemCell */ = {
			isa = PBXGroup;
			children = (
				F925EF3D290232B900D49C5D /* viewModels */,
				F925EF2A2902167000D49C5D /* ItemCell.swift */,
				F925EF2C2902172D00D49C5D /* ItemCellViewModel.swift */,
			);
			path = itemCell;
			sourceTree = "<group>";
		};
		F925EF3D290232B900D49C5D /* viewModels */ = {
			isa = PBXGroup;
			children = (
				F925EF2E2902181800D49C5D /* DogBreedCellViewModel.swift */,
				F925EF3729022F4B00D49C5D /* DogSubBreedCellViewModel.swift */,
			);
			path = viewModels;
			sourceTree = "<group>";
		};
		F925EF3E290232F500D49C5D /* pictures */ = {
			isa = PBXGroup;
			children = (
				F925EF4629023A2100D49C5D /* viewModels */,
				F925EF3F2902333100D49C5D /* PicturesTableViewController.swift */,
				F925EF44290239A900D49C5D /* PicturesTableViewModel.swift */,
			);
			path = pictures;
			sourceTree = "<group>";
		};
		F925EF412902341A00D49C5D /* pictureCell */ = {
			isa = PBXGroup;
			children = (
				F925EF422902342D00D49C5D /* PictureCell.swift */,
			);
			path = pictureCell;
			sourceTree = "<group>";
		};
		F925EF4629023A2100D49C5D /* viewModels */ = {
			isa = PBXGroup;
			children = (
				F925EF4729023A2D00D49C5D /* DogPicturesViewModel.swift */,
			);
			path = viewModels;
			sourceTree = "<group>";
		};
/* End PBXGroup section */

/* Begin PBXNativeTarget section */
		5C5BB8812900E91000E488B1 /* dogs */ = {
			isa = PBXNativeTarget;
			buildConfigurationList = 5C5BB8AC2900E91100E488B1 /* Build configuration list for PBXNativeTarget "dogs" */;
			buildPhases = (
				D29033C70E5A6C65648FF854 /* [CP] Check Pods Manifest.lock */,
				5C5BB87E2900E91000E488B1 /* Sources */,
				5C5BB87F2900E91000E488B1 /* Frameworks */,
				5C5BB8802900E91000E488B1 /* Resources */,
			);
			buildRules = (
			);
			dependencies = (
			);
			name = dogs;
			productName = dogs;
			productReference = 5C5BB8822900E91000E488B1 /* dogs.app */;
			productType = "com.apple.product-type.application";
		};
		5C5BB8972900E91100E488B1 /* dogsTests */ = {
			isa = PBXNativeTarget;
			buildConfigurationList = 5C5BB8AF2900E91100E488B1 /* Build configuration list for PBXNativeTarget "dogsTests" */;
			buildPhases = (
				CF2A1D36DBD4687D1ED5C888 /* [CP] Check Pods Manifest.lock */,
				5C5BB8942900E91100E488B1 /* Sources */,
				5C5BB8952900E91100E488B1 /* Frameworks */,
				5C5BB8962900E91100E488B1 /* Resources */,
			);
			buildRules = (
			);
			dependencies = (
				5C5BB89A2900E91100E488B1 /* PBXTargetDependency */,
			);
			name = dogsTests;
			productName = dogsTests;
			productReference = 5C5BB8982900E91100E488B1 /* dogsTests.xctest */;
			productType = "com.apple.product-type.bundle.unit-test";
		};
		5C5BB8A12900E91100E488B1 /* dogsUITests */ = {
			isa = PBXNativeTarget;
			buildConfigurationList = 5C5BB8B22900E91100E488B1 /* Build configuration list for PBXNativeTarget "dogsUITests" */;
			buildPhases = (
				B2C9063612EC05C2BB911BA2 /* [CP] Check Pods Manifest.lock */,
				5C5BB89E2900E91100E488B1 /* Sources */,
				5C5BB89F2900E91100E488B1 /* Frameworks */,
				5C5BB8A02900E91100E488B1 /* Resources */,
			);
			buildRules = (
			);
			dependencies = (
				5C5BB8A42900E91100E488B1 /* PBXTargetDependency */,
			);
			name = dogsUITests;
			productName = dogsUITests;
			productReference = 5C5BB8A22900E91100E488B1 /* dogsUITests.xctest */;
			productType = "com.apple.product-type.bundle.ui-testing";
		};
/* End PBXNativeTarget section */

/* Begin PBXProject section */
		5C5BB87A2900E91000E488B1 /* Project object */ = {
			isa = PBXProject;
			attributes = {
				BuildIndependentTargetsInParallel = 1;
				LastSwiftUpdateCheck = 1340;
				LastUpgradeCheck = 1340;
				TargetAttributes = {
					5C5BB8812900E91000E488B1 = {
						CreatedOnToolsVersion = 13.4.1;
					};
					5C5BB8972900E91100E488B1 = {
						CreatedOnToolsVersion = 13.4.1;
						LastSwiftMigration = 1340;
						TestTargetID = 5C5BB8812900E91000E488B1;
					};
					5C5BB8A12900E91100E488B1 = {
						CreatedOnToolsVersion = 13.4.1;
						TestTargetID = 5C5BB8812900E91000E488B1;
					};
				};
			};
			buildConfigurationList = 5C5BB87D2900E91000E488B1 /* Build configuration list for PBXProject "dogs" */;
			compatibilityVersion = "Xcode 13.0";
			developmentRegion = en;
			hasScannedForEncodings = 0;
			knownRegions = (
				en,
				Base,
			);
			mainGroup = 5C5BB8792900E91000E488B1;
			productRefGroup = 5C5BB8832900E91000E488B1 /* Products */;
			projectDirPath = "";
			projectRoot = "";
			targets = (
				5C5BB8812900E91000E488B1 /* dogs */,
				5C5BB8972900E91100E488B1 /* dogsTests */,
				5C5BB8A12900E91100E488B1 /* dogsUITests */,
			);
		};
/* End PBXProject section */

/* Begin PBXResourcesBuildPhase section */
		5C5BB8802900E91000E488B1 /* Resources */ = {
			isa = PBXResourcesBuildPhase;
			buildActionMask = 2147483647;
			files = (
				5C5BB8922900E91100E488B1 /* LaunchScreen.storyboard in Resources */,
				5C3E414429010CBE00249EDB /* stubGetAllBreeds.json in Resources */,
				5C3E414629010CE200249EDB /* stubGetImagesByBreed.json in Resources */,
				5C5BB88F2900E91100E488B1 /* Assets.xcassets in Resources */,
			);
			runOnlyForDeploymentPostprocessing = 0;
		};
		5C5BB8962900E91100E488B1 /* Resources */ = {
			isa = PBXResourcesBuildPhase;
			buildActionMask = 2147483647;
			files = (
			);
			runOnlyForDeploymentPostprocessing = 0;
		};
		5C5BB8A02900E91100E488B1 /* Resources */ = {
			isa = PBXResourcesBuildPhase;
			buildActionMask = 2147483647;
			files = (
			);
			runOnlyForDeploymentPostprocessing = 0;
		};
/* End PBXResourcesBuildPhase section */

/* Begin PBXShellScriptBuildPhase section */
		B2C9063612EC05C2BB911BA2 /* [CP] Check Pods Manifest.lock */ = {
			isa = PBXShellScriptBuildPhase;
			buildActionMask = 2147483647;
			files = (
			);
			inputFileListPaths = (
			);
			inputPaths = (
				"${PODS_PODFILE_DIR_PATH}/Podfile.lock",
				"${PODS_ROOT}/Manifest.lock",
			);
			name = "[CP] Check Pods Manifest.lock";
			outputFileListPaths = (
			);
			outputPaths = (
				"$(DERIVED_FILE_DIR)/Pods-dogs-dogsUITests-checkManifestLockResult.txt",
			);
			runOnlyForDeploymentPostprocessing = 0;
			shellPath = /bin/sh;
			shellScript = "diff \"${PODS_PODFILE_DIR_PATH}/Podfile.lock\" \"${PODS_ROOT}/Manifest.lock\" > /dev/null\nif [ $? != 0 ] ; then\n    # print error to STDERR\n    echo \"error: The sandbox is not in sync with the Podfile.lock. Run 'pod install' or update your CocoaPods installation.\" >&2\n    exit 1\nfi\n# This output is used by Xcode 'outputs' to avoid re-running this script phase.\necho \"SUCCESS\" > \"${SCRIPT_OUTPUT_FILE_0}\"\n";
			showEnvVarsInLog = 0;
		};
		CF2A1D36DBD4687D1ED5C888 /* [CP] Check Pods Manifest.lock */ = {
			isa = PBXShellScriptBuildPhase;
			buildActionMask = 2147483647;
			files = (
			);
			inputFileListPaths = (
			);
			inputPaths = (
				"${PODS_PODFILE_DIR_PATH}/Podfile.lock",
				"${PODS_ROOT}/Manifest.lock",
			);
			name = "[CP] Check Pods Manifest.lock";
			outputFileListPaths = (
			);
			outputPaths = (
				"$(DERIVED_FILE_DIR)/Pods-dogsTests-checkManifestLockResult.txt",
			);
			runOnlyForDeploymentPostprocessing = 0;
			shellPath = /bin/sh;
			shellScript = "diff \"${PODS_PODFILE_DIR_PATH}/Podfile.lock\" \"${PODS_ROOT}/Manifest.lock\" > /dev/null\nif [ $? != 0 ] ; then\n    # print error to STDERR\n    echo \"error: The sandbox is not in sync with the Podfile.lock. Run 'pod install' or update your CocoaPods installation.\" >&2\n    exit 1\nfi\n# This output is used by Xcode 'outputs' to avoid re-running this script phase.\necho \"SUCCESS\" > \"${SCRIPT_OUTPUT_FILE_0}\"\n";
			showEnvVarsInLog = 0;
		};
		D29033C70E5A6C65648FF854 /* [CP] Check Pods Manifest.lock */ = {
			isa = PBXShellScriptBuildPhase;
			buildActionMask = 2147483647;
			files = (
			);
			inputFileListPaths = (
			);
			inputPaths = (
				"${PODS_PODFILE_DIR_PATH}/Podfile.lock",
				"${PODS_ROOT}/Manifest.lock",
			);
			name = "[CP] Check Pods Manifest.lock";
			outputFileListPaths = (
			);
			outputPaths = (
				"$(DERIVED_FILE_DIR)/Pods-dogs-checkManifestLockResult.txt",
			);
			runOnlyForDeploymentPostprocessing = 0;
			shellPath = /bin/sh;
			shellScript = "diff \"${PODS_PODFILE_DIR_PATH}/Podfile.lock\" \"${PODS_ROOT}/Manifest.lock\" > /dev/null\nif [ $? != 0 ] ; then\n    # print error to STDERR\n    echo \"error: The sandbox is not in sync with the Podfile.lock. Run 'pod install' or update your CocoaPods installation.\" >&2\n    exit 1\nfi\n# This output is used by Xcode 'outputs' to avoid re-running this script phase.\necho \"SUCCESS\" > \"${SCRIPT_OUTPUT_FILE_0}\"\n";
			showEnvVarsInLog = 0;
		};
/* End PBXShellScriptBuildPhase section */

/* Begin PBXSourcesBuildPhase section */
		5C5BB87E2900E91000E488B1 /* Sources */ = {
			isa = PBXSourcesBuildPhase;
			buildActionMask = 2147483647;
			files = (
				F925EF45290239A900D49C5D /* PicturesTableViewModel.swift in Sources */,
				F925EF34290229A200D49C5D /* MainCoordinator.swift in Sources */,
				F925EF3629022E4300D49C5D /* DogSubBreedsViewModel.swift in Sources */,
				F925EF402902333100D49C5D /* PicturesTableViewController.swift in Sources */,
				5C3E414129010A5100249EDB /* Breed.swift in Sources */,
				5C5BB88A2900E91000E488B1 /* ItemsViewController.swift in Sources */,
				F925EF432902342D00D49C5D /* PictureCell.swift in Sources */,
				5C3E414D2901186D00249EDB /* Array+chunked.swift in Sources */,
				5C3E41322900F8FE00249EDB /* ApiService.swift in Sources */,
				5C5BB8862900E91000E488B1 /* AppDelegate.swift in Sources */,
				F925EF2D2902172D00D49C5D /* ItemCellViewModel.swift in Sources */,
				F925EF2B2902167000D49C5D /* ItemCell.swift in Sources */,
				5C3E413C2901073400249EDB /* GetImagesByBreedResponse.swift in Sources */,
				5C3E412A2900EDAE00249EDB /* DogRepository.swift in Sources */,
				F925EF2F2902181800D49C5D /* DogBreedCellViewModel.swift in Sources */,
				F925EF282902120C00D49C5D /* ItemsViewModel.swift in Sources */,
				5C3E414A2901157500249EDB /* DogImage.swift in Sources */,
				5C3E41372900FC4F00249EDB /* ApiProvider.swift in Sources */,
				F925EF3829022F4B00D49C5D /* DogSubBreedCellViewModel.swift in Sources */,
				5C5BB8882900E91000E488B1 /* SceneDelegate.swift in Sources */,
				F925EF4829023A2D00D49C5D /* DogPicturesViewModel.swift in Sources */,
				F925EF31290218B000D49C5D /* DogBreedsViewModel.swift in Sources */,
				5C3E413A2901071400249EDB /* GetAllBreedsResponse.swift in Sources */,
			);
			runOnlyForDeploymentPostprocessing = 0;
		};
		5C5BB8942900E91100E488B1 /* Sources */ = {
			isa = PBXSourcesBuildPhase;
			buildActionMask = 2147483647;
			files = (
				5C3E413E290107ED00249EDB /* TestDogRepository.swift in Sources */,
			);
			runOnlyForDeploymentPostprocessing = 0;
		};
		5C5BB89E2900E91100E488B1 /* Sources */ = {
			isa = PBXSourcesBuildPhase;
			buildActionMask = 2147483647;
			files = (
				5C5BB8A72900E91100E488B1 /* dogsUITests.swift in Sources */,
				5C5BB8A92900E91100E488B1 /* dogsUITestsLaunchTests.swift in Sources */,
			);
			runOnlyForDeploymentPostprocessing = 0;
		};
/* End PBXSourcesBuildPhase section */

/* Begin PBXTargetDependency section */
		5C5BB89A2900E91100E488B1 /* PBXTargetDependency */ = {
			isa = PBXTargetDependency;
			target = 5C5BB8812900E91000E488B1 /* dogs */;
			targetProxy = 5C5BB8992900E91100E488B1 /* PBXContainerItemProxy */;
		};
		5C5BB8A42900E91100E488B1 /* PBXTargetDependency */ = {
			isa = PBXTargetDependency;
			target = 5C5BB8812900E91000E488B1 /* dogs */;
			targetProxy = 5C5BB8A32900E91100E488B1 /* PBXContainerItemProxy */;
		};
/* End PBXTargetDependency section */

/* Begin PBXVariantGroup section */
		5C5BB8902900E91100E488B1 /* LaunchScreen.storyboard */ = {
			isa = PBXVariantGroup;
			children = (
				5C5BB8912900E91100E488B1 /* Base */,
			);
			name = LaunchScreen.storyboard;
			sourceTree = "<group>";
		};
/* End PBXVariantGroup section */

/* Begin XCBuildConfiguration section */
		5C5BB8AA2900E91100E488B1 /* Debug */ = {
			isa = XCBuildConfiguration;
			buildSettings = {
				ALWAYS_SEARCH_USER_PATHS = NO;
				CLANG_ANALYZER_NONNULL = YES;
				CLANG_ANALYZER_NUMBER_OBJECT_CONVERSION = YES_AGGRESSIVE;
				CLANG_CXX_LANGUAGE_STANDARD = "gnu++17";
				CLANG_ENABLE_MODULES = YES;
				CLANG_ENABLE_OBJC_ARC = YES;
				CLANG_ENABLE_OBJC_WEAK = YES;
				CLANG_WARN_BLOCK_CAPTURE_AUTORELEASING = YES;
				CLANG_WARN_BOOL_CONVERSION = YES;
				CLANG_WARN_COMMA = YES;
				CLANG_WARN_CONSTANT_CONVERSION = YES;
				CLANG_WARN_DEPRECATED_OBJC_IMPLEMENTATIONS = YES;
				CLANG_WARN_DIRECT_OBJC_ISA_USAGE = YES_ERROR;
				CLANG_WARN_DOCUMENTATION_COMMENTS = YES;
				CLANG_WARN_EMPTY_BODY = YES;
				CLANG_WARN_ENUM_CONVERSION = YES;
				CLANG_WARN_INFINITE_RECURSION = YES;
				CLANG_WARN_INT_CONVERSION = YES;
				CLANG_WARN_NON_LITERAL_NULL_CONVERSION = YES;
				CLANG_WARN_OBJC_IMPLICIT_RETAIN_SELF = YES;
				CLANG_WARN_OBJC_LITERAL_CONVERSION = YES;
				CLANG_WARN_OBJC_ROOT_CLASS = YES_ERROR;
				CLANG_WARN_QUOTED_INCLUDE_IN_FRAMEWORK_HEADER = YES;
				CLANG_WARN_RANGE_LOOP_ANALYSIS = YES;
				CLANG_WARN_STRICT_PROTOTYPES = YES;
				CLANG_WARN_SUSPICIOUS_MOVE = YES;
				CLANG_WARN_UNGUARDED_AVAILABILITY = YES_AGGRESSIVE;
				CLANG_WARN_UNREACHABLE_CODE = YES;
				CLANG_WARN__DUPLICATE_METHOD_MATCH = YES;
				COPY_PHASE_STRIP = NO;
				DEBUG_INFORMATION_FORMAT = dwarf;
				ENABLE_STRICT_OBJC_MSGSEND = YES;
				ENABLE_TESTABILITY = YES;
				GCC_C_LANGUAGE_STANDARD = gnu11;
				GCC_DYNAMIC_NO_PIC = NO;
				GCC_NO_COMMON_BLOCKS = YES;
				GCC_OPTIMIZATION_LEVEL = 0;
				GCC_PREPROCESSOR_DEFINITIONS = (
					"DEBUG=1",
					"$(inherited)",
				);
				GCC_WARN_64_TO_32_BIT_CONVERSION = YES;
				GCC_WARN_ABOUT_RETURN_TYPE = YES_ERROR;
				GCC_WARN_UNDECLARED_SELECTOR = YES;
				GCC_WARN_UNINITIALIZED_AUTOS = YES_AGGRESSIVE;
				GCC_WARN_UNUSED_FUNCTION = YES;
				GCC_WARN_UNUSED_VARIABLE = YES;
				IPHONEOS_DEPLOYMENT_TARGET = 15.5;
				MTL_ENABLE_DEBUG_INFO = INCLUDE_SOURCE;
				MTL_FAST_MATH = YES;
				ONLY_ACTIVE_ARCH = YES;
				SDKROOT = iphoneos;
				SWIFT_ACTIVE_COMPILATION_CONDITIONS = DEBUG;
				SWIFT_OPTIMIZATION_LEVEL = "-Onone";
			};
			name = Debug;
		};
		5C5BB8AB2900E91100E488B1 /* Release */ = {
			isa = XCBuildConfiguration;
			buildSettings = {
				ALWAYS_SEARCH_USER_PATHS = NO;
				CLANG_ANALYZER_NONNULL = YES;
				CLANG_ANALYZER_NUMBER_OBJECT_CONVERSION = YES_AGGRESSIVE;
				CLANG_CXX_LANGUAGE_STANDARD = "gnu++17";
				CLANG_ENABLE_MODULES = YES;
				CLANG_ENABLE_OBJC_ARC = YES;
				CLANG_ENABLE_OBJC_WEAK = YES;
				CLANG_WARN_BLOCK_CAPTURE_AUTORELEASING = YES;
				CLANG_WARN_BOOL_CONVERSION = YES;
				CLANG_WARN_COMMA = YES;
				CLANG_WARN_CONSTANT_CONVERSION = YES;
				CLANG_WARN_DEPRECATED_OBJC_IMPLEMENTATIONS = YES;
				CLANG_WARN_DIRECT_OBJC_ISA_USAGE = YES_ERROR;
				CLANG_WARN_DOCUMENTATION_COMMENTS = YES;
				CLANG_WARN_EMPTY_BODY = YES;
				CLANG_WARN_ENUM_CONVERSION = YES;
				CLANG_WARN_INFINITE_RECURSION = YES;
				CLANG_WARN_INT_CONVERSION = YES;
				CLANG_WARN_NON_LITERAL_NULL_CONVERSION = YES;
				CLANG_WARN_OBJC_IMPLICIT_RETAIN_SELF = YES;
				CLANG_WARN_OBJC_LITERAL_CONVERSION = YES;
				CLANG_WARN_OBJC_ROOT_CLASS = YES_ERROR;
				CLANG_WARN_QUOTED_INCLUDE_IN_FRAMEWORK_HEADER = YES;
				CLANG_WARN_RANGE_LOOP_ANALYSIS = YES;
				CLANG_WARN_STRICT_PROTOTYPES = YES;
				CLANG_WARN_SUSPICIOUS_MOVE = YES;
				CLANG_WARN_UNGUARDED_AVAILABILITY = YES_AGGRESSIVE;
				CLANG_WARN_UNREACHABLE_CODE = YES;
				CLANG_WARN__DUPLICATE_METHOD_MATCH = YES;
				COPY_PHASE_STRIP = NO;
				DEBUG_INFORMATION_FORMAT = "dwarf-with-dsym";
				ENABLE_NS_ASSERTIONS = NO;
				ENABLE_STRICT_OBJC_MSGSEND = YES;
				GCC_C_LANGUAGE_STANDARD = gnu11;
				GCC_NO_COMMON_BLOCKS = YES;
				GCC_WARN_64_TO_32_BIT_CONVERSION = YES;
				GCC_WARN_ABOUT_RETURN_TYPE = YES_ERROR;
				GCC_WARN_UNDECLARED_SELECTOR = YES;
				GCC_WARN_UNINITIALIZED_AUTOS = YES_AGGRESSIVE;
				GCC_WARN_UNUSED_FUNCTION = YES;
				GCC_WARN_UNUSED_VARIABLE = YES;
				IPHONEOS_DEPLOYMENT_TARGET = 15.5;
				MTL_ENABLE_DEBUG_INFO = NO;
				MTL_FAST_MATH = YES;
				SDKROOT = iphoneos;
				SWIFT_COMPILATION_MODE = wholemodule;
				SWIFT_OPTIMIZATION_LEVEL = "-O";
				VALIDATE_PRODUCT = YES;
			};
			name = Release;
		};
		5C5BB8AD2900E91100E488B1 /* Debug */ = {
			isa = XCBuildConfiguration;
			baseConfigurationReference = DA834BDF59410B50FEFFEF00 /* Pods-dogs.debug.xcconfig */;
			buildSettings = {
				ASSETCATALOG_COMPILER_APPICON_NAME = AppIcon;
				ASSETCATALOG_COMPILER_GLOBAL_ACCENT_COLOR_NAME = AccentColor;
				CODE_SIGN_STYLE = Automatic;
				CURRENT_PROJECT_VERSION = 1;
				DEVELOPMENT_TEAM = PGXASBAT5S;
				GENERATE_INFOPLIST_FILE = YES;
				INFOPLIST_FILE = dogs/Info.plist;
				INFOPLIST_KEY_UIApplicationSupportsIndirectInputEvents = YES;
				INFOPLIST_KEY_UILaunchStoryboardName = LaunchScreen;
				INFOPLIST_KEY_UISupportedInterfaceOrientations_iPad = "UIInterfaceOrientationPortrait UIInterfaceOrientationPortraitUpsideDown UIInterfaceOrientationLandscapeLeft UIInterfaceOrientationLandscapeRight";
				INFOPLIST_KEY_UISupportedInterfaceOrientations_iPhone = "UIInterfaceOrientationPortrait UIInterfaceOrientationLandscapeLeft UIInterfaceOrientationLandscapeRight";
				IPHONEOS_DEPLOYMENT_TARGET = 15.4;
				LD_RUNPATH_SEARCH_PATHS = (
					"$(inherited)",
					"@executable_path/Frameworks",
				);
				MARKETING_VERSION = 1.0;
				PRODUCT_BUNDLE_IDENTIFIER = com.dogs;
				PRODUCT_NAME = "$(TARGET_NAME)";
				SWIFT_EMIT_LOC_STRINGS = YES;
				SWIFT_VERSION = 5.0;
				TARGETED_DEVICE_FAMILY = "1,2";
			};
			name = Debug;
		};
		5C5BB8AE2900E91100E488B1 /* Release */ = {
			isa = XCBuildConfiguration;
			baseConfigurationReference = CBC41E97A0CF2002088F08BE /* Pods-dogs.release.xcconfig */;
			buildSettings = {
				ASSETCATALOG_COMPILER_APPICON_NAME = AppIcon;
				ASSETCATALOG_COMPILER_GLOBAL_ACCENT_COLOR_NAME = AccentColor;
				CODE_SIGN_STYLE = Automatic;
				CURRENT_PROJECT_VERSION = 1;
				DEVELOPMENT_TEAM = PGXASBAT5S;
				GENERATE_INFOPLIST_FILE = YES;
				INFOPLIST_FILE = dogs/Info.plist;
				INFOPLIST_KEY_UIApplicationSupportsIndirectInputEvents = YES;
				INFOPLIST_KEY_UILaunchStoryboardName = LaunchScreen;
				INFOPLIST_KEY_UISupportedInterfaceOrientations_iPad = "UIInterfaceOrientationPortrait UIInterfaceOrientationPortraitUpsideDown UIInterfaceOrientationLandscapeLeft UIInterfaceOrientationLandscapeRight";
				INFOPLIST_KEY_UISupportedInterfaceOrientations_iPhone = "UIInterfaceOrientationPortrait UIInterfaceOrientationLandscapeLeft UIInterfaceOrientationLandscapeRight";
				IPHONEOS_DEPLOYMENT_TARGET = 15.4;
				LD_RUNPATH_SEARCH_PATHS = (
					"$(inherited)",
					"@executable_path/Frameworks",
				);
				MARKETING_VERSION = 1.0;
				PRODUCT_BUNDLE_IDENTIFIER = com.dogs;
				PRODUCT_NAME = "$(TARGET_NAME)";
				SWIFT_EMIT_LOC_STRINGS = YES;
				SWIFT_VERSION = 5.0;
				TARGETED_DEVICE_FAMILY = "1,2";
			};
			name = Release;
		};
		5C5BB8B02900E91100E488B1 /* Debug */ = {
			isa = XCBuildConfiguration;
			baseConfigurationReference = 8FBA1F1C1E1E92330B5A997E /* Pods-dogsTests.debug.xcconfig */;
			buildSettings = {
				ALWAYS_EMBED_SWIFT_STANDARD_LIBRARIES = YES;
				BUNDLE_LOADER = "$(TEST_HOST)";
				CLANG_ENABLE_MODULES = YES;
				CODE_SIGN_STYLE = Automatic;
				CURRENT_PROJECT_VERSION = 1;
				DEVELOPMENT_TEAM = PGXASBAT5S;
				GENERATE_INFOPLIST_FILE = YES;
				IPHONEOS_DEPLOYMENT_TARGET = 15.5;
				LD_RUNPATH_SEARCH_PATHS = (
					"$(inherited)",
					"@executable_path/Frameworks",
					"@loader_path/Frameworks",
				);
				MARKETING_VERSION = 1.0;
				PRODUCT_BUNDLE_IDENTIFIER = com.dogsTests;
				PRODUCT_NAME = "$(TARGET_NAME)";
				SWIFT_EMIT_LOC_STRINGS = NO;
				SWIFT_OPTIMIZATION_LEVEL = "-Onone";
				SWIFT_VERSION = 5.0;
				TARGETED_DEVICE_FAMILY = "1,2";
				TEST_HOST = "$(BUILT_PRODUCTS_DIR)/dogs.app/dogs";
			};
			name = Debug;
		};
		5C5BB8B12900E91100E488B1 /* Release */ = {
			isa = XCBuildConfiguration;
			baseConfigurationReference = 7899D7394488CEF99268623C /* Pods-dogsTests.release.xcconfig */;
			buildSettings = {
				ALWAYS_EMBED_SWIFT_STANDARD_LIBRARIES = YES;
				BUNDLE_LOADER = "$(TEST_HOST)";
				CLANG_ENABLE_MODULES = YES;
				CODE_SIGN_STYLE = Automatic;
				CURRENT_PROJECT_VERSION = 1;
				DEVELOPMENT_TEAM = PGXASBAT5S;
				GENERATE_INFOPLIST_FILE = YES;
				IPHONEOS_DEPLOYMENT_TARGET = 15.5;
				LD_RUNPATH_SEARCH_PATHS = (
					"$(inherited)",
					"@executable_path/Frameworks",
					"@loader_path/Frameworks",
				);
				MARKETING_VERSION = 1.0;
				PRODUCT_BUNDLE_IDENTIFIER = com.dogsTests;
				PRODUCT_NAME = "$(TARGET_NAME)";
				SWIFT_EMIT_LOC_STRINGS = NO;
				SWIFT_VERSION = 5.0;
				TARGETED_DEVICE_FAMILY = "1,2";
				TEST_HOST = "$(BUILT_PRODUCTS_DIR)/dogs.app/dogs";
			};
			name = Release;
		};
		5C5BB8B32900E91100E488B1 /* Debug */ = {
			isa = XCBuildConfiguration;
			baseConfigurationReference = D0DAF73DA8F6462EBB2C8915 /* Pods-dogs-dogsUITests.debug.xcconfig */;
			buildSettings = {
				ALWAYS_EMBED_SWIFT_STANDARD_LIBRARIES = YES;
				CODE_SIGN_STYLE = Automatic;
				CURRENT_PROJECT_VERSION = 1;
				DEVELOPMENT_TEAM = PGXASBAT5S;
				GENERATE_INFOPLIST_FILE = YES;
				MARKETING_VERSION = 1.0;
				PRODUCT_BUNDLE_IDENTIFIER = com.dogsUITests;
				PRODUCT_NAME = "$(TARGET_NAME)";
				SWIFT_EMIT_LOC_STRINGS = NO;
				SWIFT_VERSION = 5.0;
				TARGETED_DEVICE_FAMILY = "1,2";
				TEST_TARGET_NAME = dogs;
			};
			name = Debug;
		};
		5C5BB8B42900E91100E488B1 /* Release */ = {
			isa = XCBuildConfiguration;
			baseConfigurationReference = BD79687A4F267D016531FE3D /* Pods-dogs-dogsUITests.release.xcconfig */;
			buildSettings = {
				ALWAYS_EMBED_SWIFT_STANDARD_LIBRARIES = YES;
				CODE_SIGN_STYLE = Automatic;
				CURRENT_PROJECT_VERSION = 1;
				DEVELOPMENT_TEAM = PGXASBAT5S;
				GENERATE_INFOPLIST_FILE = YES;
				MARKETING_VERSION = 1.0;
				PRODUCT_BUNDLE_IDENTIFIER = com.dogsUITests;
				PRODUCT_NAME = "$(TARGET_NAME)";
				SWIFT_EMIT_LOC_STRINGS = NO;
				SWIFT_VERSION = 5.0;
				TARGETED_DEVICE_FAMILY = "1,2";
				TEST_TARGET_NAME = dogs;
			};
			name = Release;
		};
/* End XCBuildConfiguration section */

/* Begin XCConfigurationList section */
		5C5BB87D2900E91000E488B1 /* Build configuration list for PBXProject "dogs" */ = {
			isa = XCConfigurationList;
			buildConfigurations = (
				5C5BB8AA2900E91100E488B1 /* Debug */,
				5C5BB8AB2900E91100E488B1 /* Release */,
			);
			defaultConfigurationIsVisible = 0;
			defaultConfigurationName = Release;
		};
		5C5BB8AC2900E91100E488B1 /* Build configuration list for PBXNativeTarget "dogs" */ = {
			isa = XCConfigurationList;
			buildConfigurations = (
				5C5BB8AD2900E91100E488B1 /* Debug */,
				5C5BB8AE2900E91100E488B1 /* Release */,
			);
			defaultConfigurationIsVisible = 0;
			defaultConfigurationName = Release;
		};
		5C5BB8AF2900E91100E488B1 /* Build configuration list for PBXNativeTarget "dogsTests" */ = {
			isa = XCConfigurationList;
			buildConfigurations = (
				5C5BB8B02900E91100E488B1 /* Debug */,
				5C5BB8B12900E91100E488B1 /* Release */,
			);
			defaultConfigurationIsVisible = 0;
			defaultConfigurationName = Release;
		};
		5C5BB8B22900E91100E488B1 /* Build configuration list for PBXNativeTarget "dogsUITests" */ = {
			isa = XCConfigurationList;
			buildConfigurations = (
				5C5BB8B32900E91100E488B1 /* Debug */,
				5C5BB8B42900E91100E488B1 /* Release */,
			);
			defaultConfigurationIsVisible = 0;
			defaultConfigurationName = Release;
		};
/* End XCConfigurationList section */
	};
	rootObject = 5C5BB87A2900E91000E488B1 /* Project object */;
}
